// !$*UTF8*$!
{
	archiveVersion = 1;
	classes = {
	};
	objectVersion = 55;
	objects = {

/* Begin PBXBuildFile section */
		FB0B4E8B283102FD004713DD /* RestaurantRepository.swift in Sources */ = {isa = PBXBuildFile; fileRef = FB0B4E8A283102FD004713DD /* RestaurantRepository.swift */; };
		FB0B4E8D2831099F004713DD /* FavoriteView.swift in Sources */ = {isa = PBXBuildFile; fileRef = FB0B4E8C2831099F004713DD /* FavoriteView.swift */; };
		FB0B4E8F283109F0004713DD /* FavoriteViewModel.swift in Sources */ = {isa = PBXBuildFile; fileRef = FB0B4E8E283109F0004713DD /* FavoriteViewModel.swift */; };
		FBC81419282EE5D300B63992 /* restosApp.swift in Sources */ = {isa = PBXBuildFile; fileRef = FBC81418282EE5D300B63992 /* restosApp.swift */; };
		FBC8141D282EE5D400B63992 /* Assets.xcassets in Resources */ = {isa = PBXBuildFile; fileRef = FBC8141C282EE5D400B63992 /* Assets.xcassets */; };
		FBC81420282EE5D400B63992 /* Preview Assets.xcassets in Resources */ = {isa = PBXBuildFile; fileRef = FBC8141F282EE5D400B63992 /* Preview Assets.xcassets */; };
		FBC81422282EE5D400B63992 /* Persistence.swift in Sources */ = {isa = PBXBuildFile; fileRef = FBC81421282EE5D400B63992 /* Persistence.swift */; };
		FBC81425282EE5D400B63992 /* restos.xcdatamodeld in Sources */ = {isa = PBXBuildFile; fileRef = FBC81423282EE5D400B63992 /* restos.xcdatamodeld */; };
		FBC8142F282EE5D500B63992 /* restosTests.swift in Sources */ = {isa = PBXBuildFile; fileRef = FBC8142E282EE5D500B63992 /* restosTests.swift */; };
		FBC81439282EE5D500B63992 /* restosUITests.swift in Sources */ = {isa = PBXBuildFile; fileRef = FBC81438282EE5D500B63992 /* restosUITests.swift */; };
		FBC8143B282EE5D500B63992 /* restosUITestsLaunchTests.swift in Sources */ = {isa = PBXBuildFile; fileRef = FBC8143A282EE5D500B63992 /* restosUITestsLaunchTests.swift */; };
		FBC8144B282F03D000B63992 /* Restaurant.swift in Sources */ = {isa = PBXBuildFile; fileRef = FBC8144A282F03D000B63992 /* Restaurant.swift */; };
		FBC8144D282F042900B63992 /* RestaurantFetcher.swift in Sources */ = {isa = PBXBuildFile; fileRef = FBC8144C282F042900B63992 /* RestaurantFetcher.swift */; };
		FBC81452282F18E800B63992 /* URLImage in Frameworks */ = {isa = PBXBuildFile; productRef = FBC81451282F18E800B63992 /* URLImage */; };
		FBC8145A2830689900B63992 /* Parser.swift in Sources */ = {isa = PBXBuildFile; fileRef = FBC814592830689900B63992 /* Parser.swift */; };
		FBC8145C283069D600B63992 /* RestaurantViewModel.swift in Sources */ = {isa = PBXBuildFile; fileRef = FBC8145B283069D600B63992 /* RestaurantViewModel.swift */; };
		FBC8145F28306AC200B63992 /* RestaurantRowViewModel.swift in Sources */ = {isa = PBXBuildFile; fileRef = FBC8145E28306AC200B63992 /* RestaurantRowViewModel.swift */; };
		FBC8146128306DE400B63992 /* RestaurantsView.swift in Sources */ = {isa = PBXBuildFile; fileRef = FBC8146028306DE400B63992 /* RestaurantsView.swift */; };
		FBC8146328306DEF00B63992 /* RestaurantRowView.swift in Sources */ = {isa = PBXBuildFile; fileRef = FBC8146228306DEF00B63992 /* RestaurantRowView.swift */; };
		FBC81465283074D700B63992 /* MapView.swift in Sources */ = {isa = PBXBuildFile; fileRef = FBC81464283074D700B63992 /* MapView.swift */; };
		FBC8146728307B0E00B63992 /* ActivityIndicator.swift in Sources */ = {isa = PBXBuildFile; fileRef = FBC8146628307B0E00B63992 /* ActivityIndicator.swift */; };
/* End PBXBuildFile section */

/* Begin PBXContainerItemProxy section */
		FBC8142B282EE5D500B63992 /* PBXContainerItemProxy */ = {
			isa = PBXContainerItemProxy;
			containerPortal = FBC8140D282EE5D300B63992 /* Project object */;
			proxyType = 1;
			remoteGlobalIDString = FBC81414282EE5D300B63992;
			remoteInfo = restos;
		};
		FBC81435282EE5D500B63992 /* PBXContainerItemProxy */ = {
			isa = PBXContainerItemProxy;
			containerPortal = FBC8140D282EE5D300B63992 /* Project object */;
			proxyType = 1;
			remoteGlobalIDString = FBC81414282EE5D300B63992;
			remoteInfo = restos;
		};
/* End PBXContainerItemProxy section */

/* Begin PBXFileReference section */
		FB0B4E8A283102FD004713DD /* RestaurantRepository.swift */ = {isa = PBXFileReference; lastKnownFileType = sourcecode.swift; path = RestaurantRepository.swift; sourceTree = "<group>"; };
		FB0B4E8C2831099F004713DD /* FavoriteView.swift */ = {isa = PBXFileReference; lastKnownFileType = sourcecode.swift; path = FavoriteView.swift; sourceTree = "<group>"; };
		FB0B4E8E283109F0004713DD /* FavoriteViewModel.swift */ = {isa = PBXFileReference; lastKnownFileType = sourcecode.swift; path = FavoriteViewModel.swift; sourceTree = "<group>"; };
		FBC81415282EE5D300B63992 /* restos.app */ = {isa = PBXFileReference; explicitFileType = wrapper.application; includeInIndex = 0; path = restos.app; sourceTree = BUILT_PRODUCTS_DIR; };
		FBC81418282EE5D300B63992 /* restosApp.swift */ = {isa = PBXFileReference; lastKnownFileType = sourcecode.swift; path = restosApp.swift; sourceTree = "<group>"; };
		FBC8141C282EE5D400B63992 /* Assets.xcassets */ = {isa = PBXFileReference; lastKnownFileType = folder.assetcatalog; path = Assets.xcassets; sourceTree = "<group>"; };
		FBC8141F282EE5D400B63992 /* Preview Assets.xcassets */ = {isa = PBXFileReference; lastKnownFileType = folder.assetcatalog; path = "Preview Assets.xcassets"; sourceTree = "<group>"; };
		FBC81421282EE5D400B63992 /* Persistence.swift */ = {isa = PBXFileReference; lastKnownFileType = sourcecode.swift; path = Persistence.swift; sourceTree = "<group>"; };
		FBC81424282EE5D400B63992 /* restos.xcdatamodel */ = {isa = PBXFileReference; lastKnownFileType = wrapper.xcdatamodel; path = restos.xcdatamodel; sourceTree = "<group>"; };
		FBC8142A282EE5D500B63992 /* restosTests.xctest */ = {isa = PBXFileReference; explicitFileType = wrapper.cfbundle; includeInIndex = 0; path = restosTests.xctest; sourceTree = BUILT_PRODUCTS_DIR; };
		FBC8142E282EE5D500B63992 /* restosTests.swift */ = {isa = PBXFileReference; lastKnownFileType = sourcecode.swift; path = restosTests.swift; sourceTree = "<group>"; };
		FBC81434282EE5D500B63992 /* restosUITests.xctest */ = {isa = PBXFileReference; explicitFileType = wrapper.cfbundle; includeInIndex = 0; path = restosUITests.xctest; sourceTree = BUILT_PRODUCTS_DIR; };
		FBC81438282EE5D500B63992 /* restosUITests.swift */ = {isa = PBXFileReference; lastKnownFileType = sourcecode.swift; path = restosUITests.swift; sourceTree = "<group>"; };
		FBC8143A282EE5D500B63992 /* restosUITestsLaunchTests.swift */ = {isa = PBXFileReference; lastKnownFileType = sourcecode.swift; path = restosUITestsLaunchTests.swift; sourceTree = "<group>"; };
		FBC81449282EF1B500B63992 /* Info.plist */ = {isa = PBXFileReference; lastKnownFileType = text.plist.xml; path = Info.plist; sourceTree = "<group>"; };
		FBC8144A282F03D000B63992 /* Restaurant.swift */ = {isa = PBXFileReference; lastKnownFileType = sourcecode.swift; path = Restaurant.swift; sourceTree = "<group>"; };
		FBC8144C282F042900B63992 /* RestaurantFetcher.swift */ = {isa = PBXFileReference; lastKnownFileType = sourcecode.swift; path = RestaurantFetcher.swift; sourceTree = "<group>"; };
		FBC814592830689900B63992 /* Parser.swift */ = {isa = PBXFileReference; lastKnownFileType = sourcecode.swift; path = Parser.swift; sourceTree = "<group>"; };
		FBC8145B283069D600B63992 /* RestaurantViewModel.swift */ = {isa = PBXFileReference; lastKnownFileType = sourcecode.swift; path = RestaurantViewModel.swift; sourceTree = "<group>"; };
		FBC8145E28306AC200B63992 /* RestaurantRowViewModel.swift */ = {isa = PBXFileReference; lastKnownFileType = sourcecode.swift; path = RestaurantRowViewModel.swift; sourceTree = "<group>"; };
		FBC8146028306DE400B63992 /* RestaurantsView.swift */ = {isa = PBXFileReference; lastKnownFileType = sourcecode.swift; path = RestaurantsView.swift; sourceTree = "<group>"; };
		FBC8146228306DEF00B63992 /* RestaurantRowView.swift */ = {isa = PBXFileReference; lastKnownFileType = sourcecode.swift; path = RestaurantRowView.swift; sourceTree = "<group>"; };
		FBC81464283074D700B63992 /* MapView.swift */ = {isa = PBXFileReference; lastKnownFileType = sourcecode.swift; path = MapView.swift; sourceTree = "<group>"; };
		FBC8146628307B0E00B63992 /* ActivityIndicator.swift */ = {isa = PBXFileReference; lastKnownFileType = sourcecode.swift; path = ActivityIndicator.swift; sourceTree = "<group>"; };
/* End PBXFileReference section */

/* Begin PBXFrameworksBuildPhase section */
		FBC81412282EE5D300B63992 /* Frameworks */ = {
			isa = PBXFrameworksBuildPhase;
			buildActionMask = 2147483647;
			files = (
				FBC81452282F18E800B63992 /* URLImage in Frameworks */,
			);
			runOnlyForDeploymentPostprocessing = 0;
		};
		FBC81427282EE5D500B63992 /* Frameworks */ = {
			isa = PBXFrameworksBuildPhase;
			buildActionMask = 2147483647;
			files = (
			);
			runOnlyForDeploymentPostprocessing = 0;
		};
		FBC81431282EE5D500B63992 /* Frameworks */ = {
			isa = PBXFrameworksBuildPhase;
			buildActionMask = 2147483647;
			files = (
			);
			runOnlyForDeploymentPostprocessing = 0;
		};
/* End PBXFrameworksBuildPhase section */

/* Begin PBXGroup section */
		FBC8140C282EE5D300B63992 = {
			isa = PBXGroup;
			children = (
				FBC81417282EE5D300B63992 /* restos */,
				FBC81458282FAC5700B63992 /* Supporting Files */,
				FBC8142D282EE5D500B63992 /* restosTests */,
				FBC81437282EE5D500B63992 /* restosUITests */,
				FBC81416282EE5D300B63992 /* Products */,
			);
			sourceTree = "<group>";
		};
		FBC81416282EE5D300B63992 /* Products */ = {
			isa = PBXGroup;
			children = (
				FBC81415282EE5D300B63992 /* restos.app */,
				FBC8142A282EE5D500B63992 /* restosTests.xctest */,
				FBC81434282EE5D500B63992 /* restosUITests.xctest */,
			);
			name = Products;
			sourceTree = "<group>";
		};
		FBC81417282EE5D300B63992 /* restos */ = {
			isa = PBXGroup;
			children = (
				FBC81456282FA9CD00B63992 /* UI */,
				FBC8145D28306A6E00B63992 /* View Model */,
				FBC81457282FA9DA00B63992 /* Model */,
				FBC81455282FA9BB00B63992 /* Persistence */,
				FBC8141E282EE5D400B63992 /* Preview Content */,
			);
			path = restos;
			sourceTree = "<group>";
		};
		FBC8141E282EE5D400B63992 /* Preview Content */ = {
			isa = PBXGroup;
			children = (
				FBC8141F282EE5D400B63992 /* Preview Assets.xcassets */,
			);
			path = "Preview Content";
			sourceTree = "<group>";
		};
		FBC8142D282EE5D500B63992 /* restosTests */ = {
			isa = PBXGroup;
			children = (
				FBC8142E282EE5D500B63992 /* restosTests.swift */,
			);
			path = restosTests;
			sourceTree = "<group>";
		};
		FBC81437282EE5D500B63992 /* restosUITests */ = {
			isa = PBXGroup;
			children = (
				FBC81438282EE5D500B63992 /* restosUITests.swift */,
				FBC8143A282EE5D500B63992 /* restosUITestsLaunchTests.swift */,
			);
			path = restosUITests;
			sourceTree = "<group>";
		};
		FBC81455282FA9BB00B63992 /* Persistence */ = {
			isa = PBXGroup;
			children = (
				FBC81421282EE5D400B63992 /* Persistence.swift */,
				FBC81423282EE5D400B63992 /* restos.xcdatamodeld */,
			);
			path = Persistence;
			sourceTree = "<group>";
		};
		FBC81456282FA9CD00B63992 /* UI */ = {
			isa = PBXGroup;
			children = (
				FBC8146028306DE400B63992 /* RestaurantsView.swift */,
				FBC8146228306DEF00B63992 /* RestaurantRowView.swift */,
				FB0B4E8C2831099F004713DD /* FavoriteView.swift */,
				FBC81464283074D700B63992 /* MapView.swift */,
				FBC8146628307B0E00B63992 /* ActivityIndicator.swift */,
			);
			path = UI;
			sourceTree = "<group>";
		};
		FBC81457282FA9DA00B63992 /* Model */ = {
			isa = PBXGroup;
			children = (
				FB0B4E8A283102FD004713DD /* RestaurantRepository.swift */,
				FBC8144C282F042900B63992 /* RestaurantFetcher.swift */,
				FBC8144A282F03D000B63992 /* Restaurant.swift */,
				FBC814592830689900B63992 /* Parser.swift */,
			);
			path = Model;
			sourceTree = "<group>";
		};
		FBC81458282FAC5700B63992 /* Supporting Files */ = {
			isa = PBXGroup;
			children = (
				FBC81449282EF1B500B63992 /* Info.plist */,
				FBC81418282EE5D300B63992 /* restosApp.swift */,
				FBC8141C282EE5D400B63992 /* Assets.xcassets */,
			);
			path = "Supporting Files";
			sourceTree = "<group>";
		};
		FBC8145D28306A6E00B63992 /* View Model */ = {
			isa = PBXGroup;
			children = (
				FBC8145B283069D600B63992 /* RestaurantViewModel.swift */,
				FBC8145E28306AC200B63992 /* RestaurantRowViewModel.swift */,
				FB0B4E8E283109F0004713DD /* FavoriteViewModel.swift */,
			);
			path = "View Model";
			sourceTree = "<group>";
		};
/* End PBXGroup section */

/* Begin PBXNativeTarget section */
		FBC81414282EE5D300B63992 /* restos */ = {
			isa = PBXNativeTarget;
			buildConfigurationList = FBC8143E282EE5D500B63992 /* Build configuration list for PBXNativeTarget "restos" */;
			buildPhases = (
				FBC81411282EE5D300B63992 /* Sources */,
				FBC81412282EE5D300B63992 /* Frameworks */,
				FBC81413282EE5D300B63992 /* Resources */,
			);
			buildRules = (
			);
			dependencies = (
			);
			name = restos;
			packageProductDependencies = (
				FBC81451282F18E800B63992 /* URLImage */,
			);
			productName = restos;
			productReference = FBC81415282EE5D300B63992 /* restos.app */;
			productType = "com.apple.product-type.application";
		};
		FBC81429282EE5D500B63992 /* restosTests */ = {
			isa = PBXNativeTarget;
			buildConfigurationList = FBC81441282EE5D500B63992 /* Build configuration list for PBXNativeTarget "restosTests" */;
			buildPhases = (
				FBC81426282EE5D500B63992 /* Sources */,
				FBC81427282EE5D500B63992 /* Frameworks */,
				FBC81428282EE5D500B63992 /* Resources */,
			);
			buildRules = (
			);
			dependencies = (
				FBC8142C282EE5D500B63992 /* PBXTargetDependency */,
			);
			name = restosTests;
			productName = restosTests;
			productReference = FBC8142A282EE5D500B63992 /* restosTests.xctest */;
			productType = "com.apple.product-type.bundle.unit-test";
		};
		FBC81433282EE5D500B63992 /* restosUITests */ = {
			isa = PBXNativeTarget;
			buildConfigurationList = FBC81444282EE5D500B63992 /* Build configuration list for PBXNativeTarget "restosUITests" */;
			buildPhases = (
				FBC81430282EE5D500B63992 /* Sources */,
				FBC81431282EE5D500B63992 /* Frameworks */,
				FBC81432282EE5D500B63992 /* Resources */,
			);
			buildRules = (
			);
			dependencies = (
				FBC81436282EE5D500B63992 /* PBXTargetDependency */,
			);
			name = restosUITests;
			productName = restosUITests;
			productReference = FBC81434282EE5D500B63992 /* restosUITests.xctest */;
			productType = "com.apple.product-type.bundle.ui-testing";
		};
/* End PBXNativeTarget section */

/* Begin PBXProject section */
		FBC8140D282EE5D300B63992 /* Project object */ = {
			isa = PBXProject;
			attributes = {
				BuildIndependentTargetsInParallel = 1;
				LastSwiftUpdateCheck = 1330;
				LastUpgradeCheck = 1330;
				TargetAttributes = {
					FBC81414282EE5D300B63992 = {
						CreatedOnToolsVersion = 13.3.1;
					};
					FBC81429282EE5D500B63992 = {
						CreatedOnToolsVersion = 13.3.1;
						TestTargetID = FBC81414282EE5D300B63992;
					};
					FBC81433282EE5D500B63992 = {
						CreatedOnToolsVersion = 13.3.1;
						TestTargetID = FBC81414282EE5D300B63992;
					};
				};
			};
			buildConfigurationList = FBC81410282EE5D300B63992 /* Build configuration list for PBXProject "restos" */;
			compatibilityVersion = "Xcode 13.0";
			developmentRegion = en;
			hasScannedForEncodings = 0;
			knownRegions = (
				en,
				Base,
			);
			mainGroup = FBC8140C282EE5D300B63992;
			packageReferences = (
				FBC81450282F18E800B63992 /* XCRemoteSwiftPackageReference "url-image" */,
			);
			productRefGroup = FBC81416282EE5D300B63992 /* Products */;
			projectDirPath = "";
			projectRoot = "";
			targets = (
				FBC81414282EE5D300B63992 /* restos */,
				FBC81429282EE5D500B63992 /* restosTests */,
				FBC81433282EE5D500B63992 /* restosUITests */,
			);
		};
/* End PBXProject section */

/* Begin PBXResourcesBuildPhase section */
		FBC81413282EE5D300B63992 /* Resources */ = {
			isa = PBXResourcesBuildPhase;
			buildActionMask = 2147483647;
			files = (
				FBC81420282EE5D400B63992 /* Preview Assets.xcassets in Resources */,
				FBC8141D282EE5D400B63992 /* Assets.xcassets in Resources */,
			);
			runOnlyForDeploymentPostprocessing = 0;
		};
		FBC81428282EE5D500B63992 /* Resources */ = {
			isa = PBXResourcesBuildPhase;
			buildActionMask = 2147483647;
			files = (
			);
			runOnlyForDeploymentPostprocessing = 0;
		};
		FBC81432282EE5D500B63992 /* Resources */ = {
			isa = PBXResourcesBuildPhase;
			buildActionMask = 2147483647;
			files = (
			);
			runOnlyForDeploymentPostprocessing = 0;
		};
/* End PBXResourcesBuildPhase section */

/* Begin PBXSourcesBuildPhase section */
		FBC81411282EE5D300B63992 /* Sources */ = {
			isa = PBXSourcesBuildPhase;
			buildActionMask = 2147483647;
			files = (
				FBC8144B282F03D000B63992 /* Restaurant.swift in Sources */,
				FBC81422282EE5D400B63992 /* Persistence.swift in Sources */,
				FB0B4E8B283102FD004713DD /* RestaurantRepository.swift in Sources */,
				FBC81419282EE5D300B63992 /* restosApp.swift in Sources */,
				FBC8146728307B0E00B63992 /* ActivityIndicator.swift in Sources */,
				FBC81465283074D700B63992 /* MapView.swift in Sources */,
				FBC8145C283069D600B63992 /* RestaurantViewModel.swift in Sources */,
				FB0B4E8D2831099F004713DD /* FavoriteView.swift in Sources */,
				FBC8146128306DE400B63992 /* RestaurantsView.swift in Sources */,
				FBC8145A2830689900B63992 /* Parser.swift in Sources */,
				FBC8144D282F042900B63992 /* RestaurantFetcher.swift in Sources */,
				FB0B4E8F283109F0004713DD /* FavoriteViewModel.swift in Sources */,
				FBC8145F28306AC200B63992 /* RestaurantRowViewModel.swift in Sources */,
				FBC8146328306DEF00B63992 /* RestaurantRowView.swift in Sources */,
				FBC81425282EE5D400B63992 /* restos.xcdatamodeld in Sources */,
			);
			runOnlyForDeploymentPostprocessing = 0;
		};
		FBC81426282EE5D500B63992 /* Sources */ = {
			isa = PBXSourcesBuildPhase;
			buildActionMask = 2147483647;
			files = (
				FBC8142F282EE5D500B63992 /* restosTests.swift in Sources */,
			);
			runOnlyForDeploymentPostprocessing = 0;
		};
		FBC81430282EE5D500B63992 /* Sources */ = {
			isa = PBXSourcesBuildPhase;
			buildActionMask = 2147483647;
			files = (
				FBC8143B282EE5D500B63992 /* restosUITestsLaunchTests.swift in Sources */,
				FBC81439282EE5D500B63992 /* restosUITests.swift in Sources */,
			);
			runOnlyForDeploymentPostprocessing = 0;
		};
/* End PBXSourcesBuildPhase section */

/* Begin PBXTargetDependency section */
		FBC8142C282EE5D500B63992 /* PBXTargetDependency */ = {
			isa = PBXTargetDependency;
			target = FBC81414282EE5D300B63992 /* restos */;
			targetProxy = FBC8142B282EE5D500B63992 /* PBXContainerItemProxy */;
		};
		FBC81436282EE5D500B63992 /* PBXTargetDependency */ = {
			isa = PBXTargetDependency;
			target = FBC81414282EE5D300B63992 /* restos */;
			targetProxy = FBC81435282EE5D500B63992 /* PBXContainerItemProxy */;
		};
/* End PBXTargetDependency section */

/* Begin XCBuildConfiguration section */
		FBC8143C282EE5D500B63992 /* Debug */ = {
			isa = XCBuildConfiguration;
			buildSettings = {
				ALWAYS_SEARCH_USER_PATHS = NO;
				CLANG_ANALYZER_NONNULL = YES;
				CLANG_ANALYZER_NUMBER_OBJECT_CONVERSION = YES_AGGRESSIVE;
				CLANG_CXX_LANGUAGE_STANDARD = "gnu++17";
				CLANG_ENABLE_MODULES = YES;
				CLANG_ENABLE_OBJC_ARC = YES;
				CLANG_ENABLE_OBJC_WEAK = YES;
				CLANG_WARN_BLOCK_CAPTURE_AUTORELEASING = YES;
				CLANG_WARN_BOOL_CONVERSION = YES;
				CLANG_WARN_COMMA = YES;
				CLANG_WARN_CONSTANT_CONVERSION = YES;
				CLANG_WARN_DEPRECATED_OBJC_IMPLEMENTATIONS = YES;
				CLANG_WARN_DIRECT_OBJC_ISA_USAGE = YES_ERROR;
				CLANG_WARN_DOCUMENTATION_COMMENTS = YES;
				CLANG_WARN_EMPTY_BODY = YES;
				CLANG_WARN_ENUM_CONVERSION = YES;
				CLANG_WARN_INFINITE_RECURSION = YES;
				CLANG_WARN_INT_CONVERSION = YES;
				CLANG_WARN_NON_LITERAL_NULL_CONVERSION = YES;
				CLANG_WARN_OBJC_IMPLICIT_RETAIN_SELF = YES;
				CLANG_WARN_OBJC_LITERAL_CONVERSION = YES;
				CLANG_WARN_OBJC_ROOT_CLASS = YES_ERROR;
				CLANG_WARN_QUOTED_INCLUDE_IN_FRAMEWORK_HEADER = YES;
				CLANG_WARN_RANGE_LOOP_ANALYSIS = YES;
				CLANG_WARN_STRICT_PROTOTYPES = YES;
				CLANG_WARN_SUSPICIOUS_MOVE = YES;
				CLANG_WARN_UNGUARDED_AVAILABILITY = YES_AGGRESSIVE;
				CLANG_WARN_UNREACHABLE_CODE = YES;
				CLANG_WARN__DUPLICATE_METHOD_MATCH = YES;
				COPY_PHASE_STRIP = NO;
				DEBUG_INFORMATION_FORMAT = dwarf;
				ENABLE_STRICT_OBJC_MSGSEND = YES;
				ENABLE_TESTABILITY = YES;
				GCC_C_LANGUAGE_STANDARD = gnu11;
				GCC_DYNAMIC_NO_PIC = NO;
				GCC_NO_COMMON_BLOCKS = YES;
				GCC_OPTIMIZATION_LEVEL = 0;
				GCC_PREPROCESSOR_DEFINITIONS = (
					"DEBUG=1",
					"$(inherited)",
				);
				GCC_WARN_64_TO_32_BIT_CONVERSION = YES;
				GCC_WARN_ABOUT_RETURN_TYPE = YES_ERROR;
				GCC_WARN_UNDECLARED_SELECTOR = YES;
				GCC_WARN_UNINITIALIZED_AUTOS = YES_AGGRESSIVE;
				GCC_WARN_UNUSED_FUNCTION = YES;
				GCC_WARN_UNUSED_VARIABLE = YES;
				IPHONEOS_DEPLOYMENT_TARGET = 13.0;
				MTL_ENABLE_DEBUG_INFO = INCLUDE_SOURCE;
				MTL_FAST_MATH = YES;
				ONLY_ACTIVE_ARCH = YES;
				SDKROOT = iphoneos;
				SWIFT_ACTIVE_COMPILATION_CONDITIONS = DEBUG;
				SWIFT_OPTIMIZATION_LEVEL = "-Onone";
			};
			name = Debug;
		};
		FBC8143D282EE5D500B63992 /* Release */ = {
			isa = XCBuildConfiguration;
			buildSettings = {
				ALWAYS_SEARCH_USER_PATHS = NO;
				CLANG_ANALYZER_NONNULL = YES;
				CLANG_ANALYZER_NUMBER_OBJECT_CONVERSION = YES_AGGRESSIVE;
				CLANG_CXX_LANGUAGE_STANDARD = "gnu++17";
				CLANG_ENABLE_MODULES = YES;
				CLANG_ENABLE_OBJC_ARC = YES;
				CLANG_ENABLE_OBJC_WEAK = YES;
				CLANG_WARN_BLOCK_CAPTURE_AUTORELEASING = YES;
				CLANG_WARN_BOOL_CONVERSION = YES;
				CLANG_WARN_COMMA = YES;
				CLANG_WARN_CONSTANT_CONVERSION = YES;
				CLANG_WARN_DEPRECATED_OBJC_IMPLEMENTATIONS = YES;
				CLANG_WARN_DIRECT_OBJC_ISA_USAGE = YES_ERROR;
				CLANG_WARN_DOCUMENTATION_COMMENTS = YES;
				CLANG_WARN_EMPTY_BODY = YES;
				CLANG_WARN_ENUM_CONVERSION = YES;
				CLANG_WARN_INFINITE_RECURSION = YES;
				CLANG_WARN_INT_CONVERSION = YES;
				CLANG_WARN_NON_LITERAL_NULL_CONVERSION = YES;
				CLANG_WARN_OBJC_IMPLICIT_RETAIN_SELF = YES;
				CLANG_WARN_OBJC_LITERAL_CONVERSION = YES;
				CLANG_WARN_OBJC_ROOT_CLASS = YES_ERROR;
				CLANG_WARN_QUOTED_INCLUDE_IN_FRAMEWORK_HEADER = YES;
				CLANG_WARN_RANGE_LOOP_ANALYSIS = YES;
				CLANG_WARN_STRICT_PROTOTYPES = YES;
				CLANG_WARN_SUSPICIOUS_MOVE = YES;
				CLANG_WARN_UNGUARDED_AVAILABILITY = YES_AGGRESSIVE;
				CLANG_WARN_UNREACHABLE_CODE = YES;
				CLANG_WARN__DUPLICATE_METHOD_MATCH = YES;
				COPY_PHASE_STRIP = NO;
				DEBUG_INFORMATION_FORMAT = "dwarf-with-dsym";
				ENABLE_NS_ASSERTIONS = NO;
				ENABLE_STRICT_OBJC_MSGSEND = YES;
				GCC_C_LANGUAGE_STANDARD = gnu11;
				GCC_NO_COMMON_BLOCKS = YES;
				GCC_WARN_64_TO_32_BIT_CONVERSION = YES;
				GCC_WARN_ABOUT_RETURN_TYPE = YES_ERROR;
				GCC_WARN_UNDECLARED_SELECTOR = YES;
				GCC_WARN_UNINITIALIZED_AUTOS = YES_AGGRESSIVE;
				GCC_WARN_UNUSED_FUNCTION = YES;
				GCC_WARN_UNUSED_VARIABLE = YES;
				IPHONEOS_DEPLOYMENT_TARGET = 13.0;
				MTL_ENABLE_DEBUG_INFO = NO;
				MTL_FAST_MATH = YES;
				SDKROOT = iphoneos;
				SWIFT_COMPILATION_MODE = wholemodule;
				SWIFT_OPTIMIZATION_LEVEL = "-O";
				VALIDATE_PRODUCT = YES;
			};
			name = Release;
		};
		FBC8143F282EE5D500B63992 /* Debug */ = {
			isa = XCBuildConfiguration;
			buildSettings = {
				ASSETCATALOG_COMPILER_APPICON_NAME = AppIcon;
				ASSETCATALOG_COMPILER_GLOBAL_ACCENT_COLOR_NAME = AccentColor;
				CODE_SIGN_STYLE = Automatic;
				CURRENT_PROJECT_VERSION = 1;
				DEVELOPMENT_ASSET_PATHS = "\"restos/Preview Content\"";
				DEVELOPMENT_TEAM = YBVEPU8A54;
				ENABLE_PREVIEWS = YES;
				GENERATE_INFOPLIST_FILE = YES;
				INFOPLIST_FILE = "Supporting Files/Info.plist";
				INFOPLIST_KEY_UIApplicationSupportsIndirectInputEvents = YES;
				INFOPLIST_KEY_UILaunchScreen_Generation = YES;
				INFOPLIST_KEY_UISupportedInterfaceOrientations_iPad = "UIInterfaceOrientationPortrait UIInterfaceOrientationPortraitUpsideDown UIInterfaceOrientationLandscapeLeft UIInterfaceOrientationLandscapeRight";
				INFOPLIST_KEY_UISupportedInterfaceOrientations_iPhone = "UIInterfaceOrientationPortrait UIInterfaceOrientationLandscapeLeft UIInterfaceOrientationLandscapeRight";
				LD_RUNPATH_SEARCH_PATHS = (
					"$(inherited)",
					"@executable_path/Frameworks",
				);
				MARKETING_VERSION = 1.0;
				PRODUCT_BUNDLE_IDENTIFIER = com.mural.restos;
				PRODUCT_NAME = "$(TARGET_NAME)";
				SWIFT_EMIT_LOC_STRINGS = YES;
				SWIFT_VERSION = 5.0;
				TARGETED_DEVICE_FAMILY = "1,2";
			};
			name = Debug;
		};
		FBC81440282EE5D500B63992 /* Release */ = {
			isa = XCBuildConfiguration;
			buildSettings = {
				ASSETCATALOG_COMPILER_APPICON_NAME = AppIcon;
				ASSETCATALOG_COMPILER_GLOBAL_ACCENT_COLOR_NAME = AccentColor;
				CODE_SIGN_STYLE = Automatic;
				CURRENT_PROJECT_VERSION = 1;
				DEVELOPMENT_ASSET_PATHS = "\"restos/Preview Content\"";
				DEVELOPMENT_TEAM = YBVEPU8A54;
				ENABLE_PREVIEWS = YES;
				GENERATE_INFOPLIST_FILE = YES;
				INFOPLIST_FILE = "Supporting Files/Info.plist";
				INFOPLIST_KEY_UIApplicationSupportsIndirectInputEvents = YES;
				INFOPLIST_KEY_UILaunchScreen_Generation = YES;
				INFOPLIST_KEY_UISupportedInterfaceOrientations_iPad = "UIInterfaceOrientationPortrait UIInterfaceOrientationPortraitUpsideDown UIInterfaceOrientationLandscapeLeft UIInterfaceOrientationLandscapeRight";
				INFOPLIST_KEY_UISupportedInterfaceOrientations_iPhone = "UIInterfaceOrientationPortrait UIInterfaceOrientationLandscapeLeft UIInterfaceOrientationLandscapeRight";
				LD_RUNPATH_SEARCH_PATHS = (
					"$(inherited)",
					"@executable_path/Frameworks",
				);
				MARKETING_VERSION = 1.0;
				PRODUCT_BUNDLE_IDENTIFIER = com.mural.restos;
				PRODUCT_NAME = "$(TARGET_NAME)";
				SWIFT_EMIT_LOC_STRINGS = YES;
				SWIFT_VERSION = 5.0;
				TARGETED_DEVICE_FAMILY = "1,2";
			};
			name = Release;
		};
		FBC81442282EE5D500B63992 /* Debug */ = {
			isa = XCBuildConfiguration;
			buildSettings = {
				ALWAYS_EMBED_SWIFT_STANDARD_LIBRARIES = YES;
				BUNDLE_LOADER = "$(TEST_HOST)";
				CODE_SIGN_STYLE = Automatic;
				CURRENT_PROJECT_VERSION = 1;
				DEVELOPMENT_TEAM = YBVEPU8A54;
				GENERATE_INFOPLIST_FILE = YES;
				IPHONEOS_DEPLOYMENT_TARGET = 15.4;
				MARKETING_VERSION = 1.0;
				PRODUCT_BUNDLE_IDENTIFIER = com.mural.restosTests;
				PRODUCT_NAME = "$(TARGET_NAME)";
				SWIFT_EMIT_LOC_STRINGS = NO;
				SWIFT_VERSION = 5.0;
				TARGETED_DEVICE_FAMILY = "1,2";
				TEST_HOST = "$(BUILT_PRODUCTS_DIR)/restos.app/restos";
			};
			name = Debug;
		};
		FBC81443282EE5D500B63992 /* Release */ = {
			isa = XCBuildConfiguration;
			buildSettings = {
				ALWAYS_EMBED_SWIFT_STANDARD_LIBRARIES = YES;
				BUNDLE_LOADER = "$(TEST_HOST)";
				CODE_SIGN_STYLE = Automatic;
				CURRENT_PROJECT_VERSION = 1;
				DEVELOPMENT_TEAM = YBVEPU8A54;
				GENERATE_INFOPLIST_FILE = YES;
				IPHONEOS_DEPLOYMENT_TARGET = 15.4;
				MARKETING_VERSION = 1.0;
				PRODUCT_BUNDLE_IDENTIFIER = com.mural.restosTests;
				PRODUCT_NAME = "$(TARGET_NAME)";
				SWIFT_EMIT_LOC_STRINGS = NO;
				SWIFT_VERSION = 5.0;
				TARGETED_DEVICE_FAMILY = "1,2";
				TEST_HOST = "$(BUILT_PRODUCTS_DIR)/restos.app/restos";
			};
			name = Release;
		};
		FBC81445282EE5D500B63992 /* Debug */ = {
			isa = XCBuildConfiguration;
			buildSettings = {
				ALWAYS_EMBED_SWIFT_STANDARD_LIBRARIES = YES;
				CODE_SIGN_STYLE = Automatic;
				CURRENT_PROJECT_VERSION = 1;
				DEVELOPMENT_TEAM = YBVEPU8A54;
				GENERATE_INFOPLIST_FILE = YES;
				MARKETING_VERSION = 1.0;
				PRODUCT_BUNDLE_IDENTIFIER = com.mural.restosUITests;
				PRODUCT_NAME = "$(TARGET_NAME)";
				SWIFT_EMIT_LOC_STRINGS = NO;
				SWIFT_VERSION = 5.0;
				TARGETED_DEVICE_FAMILY = "1,2";
				TEST_TARGET_NAME = restos;
			};
			name = Debug;
		};
		FBC81446282EE5D500B63992 /* Release */ = {
			isa = XCBuildConfiguration;
			buildSettings = {
				ALWAYS_EMBED_SWIFT_STANDARD_LIBRARIES = YES;
				CODE_SIGN_STYLE = Automatic;
				CURRENT_PROJECT_VERSION = 1;
				DEVELOPMENT_TEAM = YBVEPU8A54;
				GENERATE_INFOPLIST_FILE = YES;
				MARKETING_VERSION = 1.0;
				PRODUCT_BUNDLE_IDENTIFIER = com.mural.restosUITests;
				PRODUCT_NAME = "$(TARGET_NAME)";
				SWIFT_EMIT_LOC_STRINGS = NO;
				SWIFT_VERSION = 5.0;
				TARGETED_DEVICE_FAMILY = "1,2";
				TEST_TARGET_NAME = restos;
			};
			name = Release;
		};
/* End XCBuildConfiguration section */

/* Begin XCConfigurationList section */
		FBC81410282EE5D300B63992 /* Build configuration list for PBXProject "restos" */ = {
			isa = XCConfigurationList;
			buildConfigurations = (
				FBC8143C282EE5D500B63992 /* Debug */,
				FBC8143D282EE5D500B63992 /* Release */,
			);
			defaultConfigurationIsVisible = 0;
			defaultConfigurationName = Release;
		};
		FBC8143E282EE5D500B63992 /* Build configuration list for PBXNativeTarget "restos" */ = {
			isa = XCConfigurationList;
			buildConfigurations = (
				FBC8143F282EE5D500B63992 /* Debug */,
				FBC81440282EE5D500B63992 /* Release */,
			);
			defaultConfigurationIsVisible = 0;
			defaultConfigurationName = Release;
		};
		FBC81441282EE5D500B63992 /* Build configuration list for PBXNativeTarget "restosTests" */ = {
			isa = XCConfigurationList;
			buildConfigurations = (
				FBC81442282EE5D500B63992 /* Debug */,
				FBC81443282EE5D500B63992 /* Release */,
			);
			defaultConfigurationIsVisible = 0;
			defaultConfigurationName = Release;
		};
		FBC81444282EE5D500B63992 /* Build configuration list for PBXNativeTarget "restosUITests" */ = {
			isa = XCConfigurationList;
			buildConfigurations = (
				FBC81445282EE5D500B63992 /* Debug */,
				FBC81446282EE5D500B63992 /* Release */,
			);
			defaultConfigurationIsVisible = 0;
			defaultConfigurationName = Release;
		};
/* End XCConfigurationList section */

/* Begin XCRemoteSwiftPackageReference section */
		FBC81450282F18E800B63992 /* XCRemoteSwiftPackageReference "url-image" */ = {
			isa = XCRemoteSwiftPackageReference;
			repositoryURL = "https://github.com/dmytro-anokhin/url-image";
			requirement = {
				kind = upToNextMajorVersion;
				minimumVersion = 3.0.0;
			};
		};
/* End XCRemoteSwiftPackageReference section */

/* Begin XCSwiftPackageProductDependency section */
		FBC81451282F18E800B63992 /* URLImage */ = {
			isa = XCSwiftPackageProductDependency;
			package = FBC81450282F18E800B63992 /* XCRemoteSwiftPackageReference "url-image" */;
			productName = URLImage;
		};
/* End XCSwiftPackageProductDependency section */

/* Begin XCVersionGroup section */
		FBC81423282EE5D400B63992 /* restos.xcdatamodeld */ = {
			isa = XCVersionGroup;
			children = (
				FBC81424282EE5D400B63992 /* restos.xcdatamodel */,
			);
			currentVersion = FBC81424282EE5D400B63992 /* restos.xcdatamodel */;
			path = restos.xcdatamodeld;
			sourceTree = "<group>";
			versionGroupType = wrapper.xcdatamodel;
		};
/* End XCVersionGroup section */
	};
	rootObject = FBC8140D282EE5D300B63992 /* Project object */;
}
